// !$*UTF8*$!
{
	archiveVersion = 1;
	classes = {
	};
	objectVersion = 46;
	objects = {

/* Begin PBXBuildFile section */
		0964CD0E2EFF47DEA931E69D /* libPods.a in Frameworks */ = {isa = PBXBuildFile; fileRef = 7F794B3218A742EDBF30C41D /* libPods.a */; };
		18A963361733686200855D18 /* SourceListItem.m in Sources */ = {isa = PBXBuildFile; fileRef = 18A963351733686200855D18 /* SourceListItem.m */; };
		18A9633E1733698800855D18 /* audiobooks.png in Resources */ = {isa = PBXBuildFile; fileRef = 18A963381733698800855D18 /* audiobooks.png */; };
		18A9633F1733698800855D18 /* movies.png in Resources */ = {isa = PBXBuildFile; fileRef = 18A963391733698800855D18 /* movies.png */; };
		18A963401733698800855D18 /* music.png in Resources */ = {isa = PBXBuildFile; fileRef = 18A9633A1733698800855D18 /* music.png */; };
		18A963411733698800855D18 /* playlist.png in Resources */ = {isa = PBXBuildFile; fileRef = 18A9633B1733698800855D18 /* playlist.png */; };
		18A963421733698800855D18 /* playlistFolder.png in Resources */ = {isa = PBXBuildFile; fileRef = 18A9633C1733698800855D18 /* playlistFolder.png */; };
		18A963431733698800855D18 /* podcasts.png in Resources */ = {isa = PBXBuildFile; fileRef = 18A9633D1733698800855D18 /* podcasts.png */; };
		18D5A25817320D8300996EF7 /* Cocoa.framework in Frameworks */ = {isa = PBXBuildFile; fileRef = 18D5A25717320D8300996EF7 /* Cocoa.framework */; };
		18D5A26417320D8300996EF7 /* main.m in Sources */ = {isa = PBXBuildFile; fileRef = 18D5A26317320D8300996EF7 /* main.m */; };
		18D5A2CA1732357B00996EF7 /* DesignContainerModel.m in Sources */ = {isa = PBXBuildFile; fileRef = 18D5A2A71732357B00996EF7 /* DesignContainerModel.m */; };
		18D5A2CB1732357B00996EF7 /* DesignLayoutModel.m in Sources */ = {isa = PBXBuildFile; fileRef = 18D5A2A91732357B00996EF7 /* DesignLayoutModel.m */; };
		18D5A2CC1732357B00996EF7 /* DesignParentContainerModel.m in Sources */ = {isa = PBXBuildFile; fileRef = 18D5A2AB1732357B00996EF7 /* DesignParentContainerModel.m */; };
		18D5A2CD1732357B00996EF7 /* DesignUIModel.m in Sources */ = {isa = PBXBuildFile; fileRef = 18D5A2AD1732357B00996EF7 /* DesignUIModel.m */; };
		18D5A2CE1732357B00996EF7 /* DesignStyleModel.m in Sources */ = {isa = PBXBuildFile; fileRef = 18D5A2B01732357B00996EF7 /* DesignStyleModel.m */; };
		18D5A2CF1732357B00996EF7 /* DesignParentViewModel.m in Sources */ = {isa = PBXBuildFile; fileRef = 18D5A2B31732357B00996EF7 /* DesignParentViewModel.m */; };
		18D5A2D01732357B00996EF7 /* DesignSpaceModel.m in Sources */ = {isa = PBXBuildFile; fileRef = 18D5A2B51732357B00996EF7 /* DesignSpaceModel.m */; };
		18D5A2D11732357B00996EF7 /* DesignViewModel.m in Sources */ = {isa = PBXBuildFile; fileRef = 18D5A2B71732357B00996EF7 /* DesignViewModel.m */; };
		18D5A2D21732357B00996EF7 /* DesignNodeConstants.m in Sources */ = {isa = PBXBuildFile; fileRef = 18D5A2BA1732357B00996EF7 /* DesignNodeConstants.m */; };
		18D5A2D31732357B00996EF7 /* DesignParseXMLManager.m in Sources */ = {isa = PBXBuildFile; fileRef = 18D5A2BC1732357B00996EF7 /* DesignParseXMLManager.m */; };
		18D5A2D41732357B00996EF7 /* gospel_ios.db in Resources */ = {isa = PBXBuildFile; fileRef = 18D5A2C31732357B00996EF7 /* gospel_ios.db */; };
		18D5A2D71732398500996EF7 /* MainMenu.xib in Resources */ = {isa = PBXBuildFile; fileRef = 18D5A2D61732398500996EF7 /* MainMenu.xib */; };
		18D5A2DA1732398D00996EF7 /* BeeAppDelegate.m in Sources */ = {isa = PBXBuildFile; fileRef = 18D5A2D91732398D00996EF7 /* BeeAppDelegate.m */; };
		18D5A2DD1732399800996EF7 /* Credits.rtf in Resources */ = {isa = PBXBuildFile; fileRef = 18D5A2DB1732399800996EF7 /* Credits.rtf */; };
		18D5A2DE1732399800996EF7 /* InfoPlist.strings in Resources */ = {isa = PBXBuildFile; fileRef = 18D5A2DC1732399800996EF7 /* InfoPlist.strings */; };
		18D5A2E217323B0E00996EF7 /* BeeViewController.m in Sources */ = {isa = PBXBuildFile; fileRef = 18D5A2E017323B0E00996EF7 /* BeeViewController.m */; };
		18D5A2E517323BB600996EF7 /* BeeViewController.xib in Resources */ = {isa = PBXBuildFile; fileRef = 18D5A2E417323BB600996EF7 /* BeeViewController.xib */; };
		18D5A33317326F1E00996EF7 /* tabBarItem1.png in Resources */ = {isa = PBXBuildFile; fileRef = 18D5A33017326F1E00996EF7 /* tabBarItem1.png */; };
		18D5A33417326F1E00996EF7 /* tabBarItem2.png in Resources */ = {isa = PBXBuildFile; fileRef = 18D5A33117326F1E00996EF7 /* tabBarItem2.png */; };
		18D5A33517326F1E00996EF7 /* tabBarItem3.png in Resources */ = {isa = PBXBuildFile; fileRef = 18D5A33217326F1E00996EF7 /* tabBarItem3.png */; };
		18D5A3651732CFCA00996EF7 /* ExampleSubview.m in Sources */ = {isa = PBXBuildFile; fileRef = 18D5A3641732CFCA00996EF7 /* ExampleSubview.m */; };
/* End PBXBuildFile section */

/* Begin PBXFileReference section */
		18A963341733686200855D18 /* SourceListItem.h */ = {isa = PBXFileReference; fileEncoding = 4; lastKnownFileType = sourcecode.c.h; path = SourceListItem.h; sourceTree = "<group>"; };
		18A963351733686200855D18 /* SourceListItem.m */ = {isa = PBXFileReference; fileEncoding = 4; lastKnownFileType = sourcecode.c.objc; path = SourceListItem.m; sourceTree = "<group>"; };
		18A963381733698800855D18 /* audiobooks.png */ = {isa = PBXFileReference; lastKnownFileType = image.png; path = audiobooks.png; sourceTree = "<group>"; };
		18A963391733698800855D18 /* movies.png */ = {isa = PBXFileReference; lastKnownFileType = image.png; path = movies.png; sourceTree = "<group>"; };
		18A9633A1733698800855D18 /* music.png */ = {isa = PBXFileReference; lastKnownFileType = image.png; path = music.png; sourceTree = "<group>"; };
		18A9633B1733698800855D18 /* playlist.png */ = {isa = PBXFileReference; lastKnownFileType = image.png; path = playlist.png; sourceTree = "<group>"; };
		18A9633C1733698800855D18 /* playlistFolder.png */ = {isa = PBXFileReference; lastKnownFileType = image.png; path = playlistFolder.png; sourceTree = "<group>"; };
		18A9633D1733698800855D18 /* podcasts.png */ = {isa = PBXFileReference; lastKnownFileType = image.png; path = podcasts.png; sourceTree = "<group>"; };
		18D5A25417320D8300996EF7 /* BeeLayoutDesign.app */ = {isa = PBXFileReference; explicitFileType = wrapper.application; includeInIndex = 0; path = BeeLayoutDesign.app; sourceTree = BUILT_PRODUCTS_DIR; };
		18D5A25717320D8300996EF7 /* Cocoa.framework */ = {isa = PBXFileReference; lastKnownFileType = wrapper.framework; name = Cocoa.framework; path = System/Library/Frameworks/Cocoa.framework; sourceTree = SDKROOT; };
		18D5A25A17320D8300996EF7 /* AppKit.framework */ = {isa = PBXFileReference; lastKnownFileType = wrapper.framework; name = AppKit.framework; path = System/Library/Frameworks/AppKit.framework; sourceTree = SDKROOT; };
		18D5A25B17320D8300996EF7 /* CoreData.framework */ = {isa = PBXFileReference; lastKnownFileType = wrapper.framework; name = CoreData.framework; path = System/Library/Frameworks/CoreData.framework; sourceTree = SDKROOT; };
		18D5A25C17320D8300996EF7 /* Foundation.framework */ = {isa = PBXFileReference; lastKnownFileType = wrapper.framework; name = Foundation.framework; path = System/Library/Frameworks/Foundation.framework; sourceTree = SDKROOT; };
		18D5A25F17320D8300996EF7 /* BeeLayoutDesign-Info.plist */ = {isa = PBXFileReference; lastKnownFileType = text.plist.xml; path = "BeeLayoutDesign-Info.plist"; sourceTree = "<group>"; };
		18D5A26317320D8300996EF7 /* main.m */ = {isa = PBXFileReference; lastKnownFileType = sourcecode.c.objc; path = main.m; sourceTree = "<group>"; };
		18D5A26517320D8300996EF7 /* BeeLayoutDesign-Prefix.pch */ = {isa = PBXFileReference; lastKnownFileType = sourcecode.c.h; path = "BeeLayoutDesign-Prefix.pch"; sourceTree = "<group>"; };
		18D5A2A31732357B00996EF7 /* DesignBeeModeMoveProtocol.h */ = {isa = PBXFileReference; fileEncoding = 4; lastKnownFileType = sourcecode.c.h; path = DesignBeeModeMoveProtocol.h; sourceTree = "<group>"; };
		18D5A2A61732357B00996EF7 /* DesignContainerModel.h */ = {isa = PBXFileReference; fileEncoding = 4; lastKnownFileType = sourcecode.c.h; path = DesignContainerModel.h; sourceTree = "<group>"; };
		18D5A2A71732357B00996EF7 /* DesignContainerModel.m */ = {isa = PBXFileReference; fileEncoding = 4; lastKnownFileType = sourcecode.c.objc; path = DesignContainerModel.m; sourceTree = "<group>"; };
		18D5A2A81732357B00996EF7 /* DesignLayoutModel.h */ = {isa = PBXFileReference; fileEncoding = 4; lastKnownFileType = sourcecode.c.h; path = DesignLayoutModel.h; sourceTree = "<group>"; };
		18D5A2A91732357B00996EF7 /* DesignLayoutModel.m */ = {isa = PBXFileReference; fileEncoding = 4; lastKnownFileType = sourcecode.c.objc; path = DesignLayoutModel.m; sourceTree = "<group>"; };
		18D5A2AA1732357B00996EF7 /* DesignParentContainerModel.h */ = {isa = PBXFileReference; fileEncoding = 4; lastKnownFileType = sourcecode.c.h; path = DesignParentContainerModel.h; sourceTree = "<group>"; };
		18D5A2AB1732357B00996EF7 /* DesignParentContainerModel.m */ = {isa = PBXFileReference; fileEncoding = 4; lastKnownFileType = sourcecode.c.objc; path = DesignParentContainerModel.m; sourceTree = "<group>"; };
		18D5A2AC1732357B00996EF7 /* DesignUIModel.h */ = {isa = PBXFileReference; fileEncoding = 4; lastKnownFileType = sourcecode.c.h; path = DesignUIModel.h; sourceTree = "<group>"; };
		18D5A2AD1732357B00996EF7 /* DesignUIModel.m */ = {isa = PBXFileReference; fileEncoding = 4; lastKnownFileType = sourcecode.c.objc; path = DesignUIModel.m; sourceTree = "<group>"; };
		18D5A2AF1732357B00996EF7 /* DesignStyleModel.h */ = {isa = PBXFileReference; fileEncoding = 4; lastKnownFileType = sourcecode.c.h; path = DesignStyleModel.h; sourceTree = "<group>"; };
		18D5A2B01732357B00996EF7 /* DesignStyleModel.m */ = {isa = PBXFileReference; fileEncoding = 4; lastKnownFileType = sourcecode.c.objc; path = DesignStyleModel.m; sourceTree = "<group>"; };
		18D5A2B21732357B00996EF7 /* DesignParentViewModel.h */ = {isa = PBXFileReference; fileEncoding = 4; lastKnownFileType = sourcecode.c.h; path = DesignParentViewModel.h; sourceTree = "<group>"; };
		18D5A2B31732357B00996EF7 /* DesignParentViewModel.m */ = {isa = PBXFileReference; fileEncoding = 4; lastKnownFileType = sourcecode.c.objc; path = DesignParentViewModel.m; sourceTree = "<group>"; };
		18D5A2B41732357B00996EF7 /* DesignSpaceModel.h */ = {isa = PBXFileReference; fileEncoding = 4; lastKnownFileType = sourcecode.c.h; path = DesignSpaceModel.h; sourceTree = "<group>"; };
		18D5A2B51732357B00996EF7 /* DesignSpaceModel.m */ = {isa = PBXFileReference; fileEncoding = 4; lastKnownFileType = sourcecode.c.objc; path = DesignSpaceModel.m; sourceTree = "<group>"; };
		18D5A2B61732357B00996EF7 /* DesignViewModel.h */ = {isa = PBXFileReference; fileEncoding = 4; lastKnownFileType = sourcecode.c.h; path = DesignViewModel.h; sourceTree = "<group>"; };
		18D5A2B71732357B00996EF7 /* DesignViewModel.m */ = {isa = PBXFileReference; fileEncoding = 4; lastKnownFileType = sourcecode.c.objc; path = DesignViewModel.m; sourceTree = "<group>"; };
		18D5A2B91732357B00996EF7 /* DesignNodeConstants.h */ = {isa = PBXFileReference; fileEncoding = 4; lastKnownFileType = sourcecode.c.h; path = DesignNodeConstants.h; sourceTree = "<group>"; };
		18D5A2BA1732357B00996EF7 /* DesignNodeConstants.m */ = {isa = PBXFileReference; fileEncoding = 4; lastKnownFileType = sourcecode.c.objc; path = DesignNodeConstants.m; sourceTree = "<group>"; };
		18D5A2BB1732357B00996EF7 /* DesignParseXMLManager.h */ = {isa = PBXFileReference; fileEncoding = 4; lastKnownFileType = sourcecode.c.h; path = DesignParseXMLManager.h; sourceTree = "<group>"; };
		18D5A2BC1732357B00996EF7 /* DesignParseXMLManager.m */ = {isa = PBXFileReference; fileEncoding = 4; lastKnownFileType = sourcecode.c.objc; path = DesignParseXMLManager.m; sourceTree = "<group>"; };
		18D5A2C31732357B00996EF7 /* gospel_ios.db */ = {isa = PBXFileReference; fileEncoding = 4; lastKnownFileType = text; path = gospel_ios.db; sourceTree = "<group>"; };
		18D5A2D61732398500996EF7 /* MainMenu.xib */ = {isa = PBXFileReference; fileEncoding = 4; lastKnownFileType = file.xib; path = MainMenu.xib; sourceTree = "<group>"; };
		18D5A2D81732398D00996EF7 /* BeeAppDelegate.h */ = {isa = PBXFileReference; fileEncoding = 4; lastKnownFileType = sourcecode.c.h; path = BeeAppDelegate.h; sourceTree = "<group>"; };
		18D5A2D91732398D00996EF7 /* BeeAppDelegate.m */ = {isa = PBXFileReference; fileEncoding = 4; lastKnownFileType = sourcecode.c.objc; path = BeeAppDelegate.m; sourceTree = "<group>"; };
		18D5A2DB1732399800996EF7 /* Credits.rtf */ = {isa = PBXFileReference; fileEncoding = 4; lastKnownFileType = text.rtf; path = Credits.rtf; sourceTree = "<group>"; };
		18D5A2DC1732399800996EF7 /* InfoPlist.strings */ = {isa = PBXFileReference; fileEncoding = 4; lastKnownFileType = text.plist.strings; path = InfoPlist.strings; sourceTree = "<group>"; };
		18D5A2DF17323B0E00996EF7 /* BeeViewController.h */ = {isa = PBXFileReference; fileEncoding = 4; lastKnownFileType = sourcecode.c.h; path = BeeViewController.h; sourceTree = "<group>"; };
		18D5A2E017323B0E00996EF7 /* BeeViewController.m */ = {isa = PBXFileReference; fileEncoding = 4; lastKnownFileType = sourcecode.c.objc; path = BeeViewController.m; sourceTree = "<group>"; };
		18D5A2E417323BB600996EF7 /* BeeViewController.xib */ = {isa = PBXFileReference; fileEncoding = 4; lastKnownFileType = file.xib; path = BeeViewController.xib; sourceTree = "<group>"; };
		18D5A33017326F1E00996EF7 /* tabBarItem1.png */ = {isa = PBXFileReference; lastKnownFileType = image.png; path = tabBarItem1.png; sourceTree = "<group>"; };
		18D5A33117326F1E00996EF7 /* tabBarItem2.png */ = {isa = PBXFileReference; lastKnownFileType = image.png; path = tabBarItem2.png; sourceTree = "<group>"; };
		18D5A33217326F1E00996EF7 /* tabBarItem3.png */ = {isa = PBXFileReference; lastKnownFileType = image.png; path = tabBarItem3.png; sourceTree = "<group>"; };
		18D5A3631732CFCA00996EF7 /* ExampleSubview.h */ = {isa = PBXFileReference; fileEncoding = 4; lastKnownFileType = sourcecode.c.h; path = ExampleSubview.h; sourceTree = "<group>"; };
		18D5A3641732CFCA00996EF7 /* ExampleSubview.m */ = {isa = PBXFileReference; fileEncoding = 4; lastKnownFileType = sourcecode.c.objc; path = ExampleSubview.m; sourceTree = "<group>"; };
		7F794B3218A742EDBF30C41D /* libPods.a */ = {isa = PBXFileReference; explicitFileType = archive.ar; includeInIndex = 0; path = libPods.a; sourceTree = BUILT_PRODUCTS_DIR; };
		EAA931C2839B4884BF191A7A /* Pods.xcconfig */ = {isa = PBXFileReference; includeInIndex = 1; lastKnownFileType = text.xcconfig; name = Pods.xcconfig; path = Pods/Pods.xcconfig; sourceTree = SOURCE_ROOT; };
/* End PBXFileReference section */

/* Begin PBXFrameworksBuildPhase section */
		18D5A25117320D8300996EF7 /* Frameworks */ = {
			isa = PBXFrameworksBuildPhase;
			buildActionMask = 2147483647;
			files = (
				18D5A25817320D8300996EF7 /* Cocoa.framework in Frameworks */,
				0964CD0E2EFF47DEA931E69D /* libPods.a in Frameworks */,
			);
			runOnlyForDeploymentPostprocessing = 0;
		};
/* End PBXFrameworksBuildPhase section */

/* Begin PBXGroup section */
		18A963371733698800855D18 /* outline */ = {
			isa = PBXGroup;
			children = (
				18A963381733698800855D18 /* audiobooks.png */,
				18A963391733698800855D18 /* movies.png */,
				18A9633A1733698800855D18 /* music.png */,
				18A9633B1733698800855D18 /* playlist.png */,
				18A9633C1733698800855D18 /* playlistFolder.png */,
				18A9633D1733698800855D18 /* podcasts.png */,
			);
			path = outline;
			sourceTree = "<group>";
		};
		18D5A24B17320D8300996EF7 = {
			isa = PBXGroup;
			children = (
				18D5A25D17320D8300996EF7 /* BeeLayoutDesign */,
				18D5A25617320D8300996EF7 /* Frameworks */,
				18D5A25517320D8300996EF7 /* Products */,
				EAA931C2839B4884BF191A7A /* Pods.xcconfig */,
			);
			sourceTree = "<group>";
		};
		18D5A25517320D8300996EF7 /* Products */ = {
			isa = PBXGroup;
			children = (
				18D5A25417320D8300996EF7 /* BeeLayoutDesign.app */,
			);
			name = Products;
			sourceTree = "<group>";
		};
		18D5A25617320D8300996EF7 /* Frameworks */ = {
			isa = PBXGroup;
			children = (
				18D5A25717320D8300996EF7 /* Cocoa.framework */,
				18D5A25917320D8300996EF7 /* Other Frameworks */,
				7F794B3218A742EDBF30C41D /* libPods.a */,
			);
			name = Frameworks;
			sourceTree = "<group>";
		};
		18D5A25917320D8300996EF7 /* Other Frameworks */ = {
			isa = PBXGroup;
			children = (
				18D5A25A17320D8300996EF7 /* AppKit.framework */,
				18D5A25B17320D8300996EF7 /* CoreData.framework */,
				18D5A25C17320D8300996EF7 /* Foundation.framework */,
			);
			name = "Other Frameworks";
			sourceTree = "<group>";
		};
		18D5A25D17320D8300996EF7 /* BeeLayoutDesign */ = {
			isa = PBXGroup;
			children = (
				18D5A29A1732357B00996EF7 /* src */,
				18D5A2C91732357B00996EF7 /* vendor */,
				18D5A25E17320D8300996EF7 /* Supporting Files */,
			);
			path = BeeLayoutDesign;
			sourceTree = "<group>";
		};
		18D5A25E17320D8300996EF7 /* Supporting Files */ = {
			isa = PBXGroup;
			children = (
				18D5A25F17320D8300996EF7 /* BeeLayoutDesign-Info.plist */,
				18D5A26317320D8300996EF7 /* main.m */,
				18D5A26517320D8300996EF7 /* BeeLayoutDesign-Prefix.pch */,
			);
			name = "Supporting Files";
			sourceTree = "<group>";
		};
		18D5A29A1732357B00996EF7 /* src */ = {
			isa = PBXGroup;
			children = (
				18D5A29B1732357B00996EF7 /* app */,
				18D5A2BE1732357B00996EF7 /* config */,
				18D5A2C21732357B00996EF7 /* db */,
				18D5A2C41732357B00996EF7 /* doc */,
				18D5A2C51732357B00996EF7 /* log */,
				18D5A2C61732357B00996EF7 /* script */,
				18D5A2C71732357B00996EF7 /* server */,
				18D5A2C81732357B00996EF7 /* test */,
			);
			path = src;
			sourceTree = "<group>";
		};
		18D5A29B1732357B00996EF7 /* app */ = {
			isa = PBXGroup;
			children = (
				18D5A29C1732357B00996EF7 /* apis */,
				18D5A29D1732357B00996EF7 /* assets */,
				18D5A29F1732357B00996EF7 /* controllers */,
				18D5A2A01732357B00996EF7 /* helpers */,
				18D5A2A11732357B00996EF7 /* models */,
				18D5A2BD1732357B00996EF7 /* views */,
			);
			path = app;
			sourceTree = "<group>";
		};
		18D5A29C1732357B00996EF7 /* apis */ = {
			isa = PBXGroup;
			children = (
			);
			path = apis;
			sourceTree = "<group>";
		};
		18D5A29D1732357B00996EF7 /* assets */ = {
			isa = PBXGroup;
			children = (
				18D5A2D51732366A00996EF7 /* nib */,
				18D5A29E1732357B00996EF7 /* images */,
			);
			path = assets;
			sourceTree = "<group>";
		};
		18D5A29E1732357B00996EF7 /* images */ = {
			isa = PBXGroup;
			children = (
				18D5A32F17326F0D00996EF7 /* icon */,
			);
			path = images;
			sourceTree = "<group>";
		};
		18D5A29F1732357B00996EF7 /* controllers */ = {
			isa = PBXGroup;
			children = (
				18D5A2D81732398D00996EF7 /* BeeAppDelegate.h */,
				18D5A2D91732398D00996EF7 /* BeeAppDelegate.m */,
				18D5A2DF17323B0E00996EF7 /* BeeViewController.h */,
				18D5A2E017323B0E00996EF7 /* BeeViewController.m */,
			);
			path = controllers;
			sourceTree = "<group>";
		};
		18D5A2A01732357B00996EF7 /* helpers */ = {
			isa = PBXGroup;
			children = (
			);
			path = helpers;
			sourceTree = "<group>";
		};
		18D5A2A11732357B00996EF7 /* models */ = {
			isa = PBXGroup;
			children = (
				18D5A2A21732357B00996EF7 /* modelProtocol */,
				18D5A2A41732357B00996EF7 /* parentModel */,
				18D5A2B81732357B00996EF7 /* parseLayoutXML */,
			);
			path = models;
			sourceTree = "<group>";
		};
		18D5A2A21732357B00996EF7 /* modelProtocol */ = {
			isa = PBXGroup;
			children = (
				18D5A2A31732357B00996EF7 /* DesignBeeModeMoveProtocol.h */,
			);
			path = modelProtocol;
			sourceTree = "<group>";
		};
		18D5A2A41732357B00996EF7 /* parentModel */ = {
			isa = PBXGroup;
			children = (
				18D5A2A51732357B00996EF7 /* Layout */,
				18D5A2AE1732357B00996EF7 /* Style */,
				18D5A2B11732357B00996EF7 /* View */,
			);
			path = parentModel;
			sourceTree = "<group>";
		};
		18D5A2A51732357B00996EF7 /* Layout */ = {
			isa = PBXGroup;
			children = (
				18D5A2A61732357B00996EF7 /* DesignContainerModel.h */,
				18D5A2A71732357B00996EF7 /* DesignContainerModel.m */,
				18D5A2A81732357B00996EF7 /* DesignLayoutModel.h */,
				18D5A2A91732357B00996EF7 /* DesignLayoutModel.m */,
				18D5A2AA1732357B00996EF7 /* DesignParentContainerModel.h */,
				18D5A2AB1732357B00996EF7 /* DesignParentContainerModel.m */,
				18D5A2AC1732357B00996EF7 /* DesignUIModel.h */,
				18D5A2AD1732357B00996EF7 /* DesignUIModel.m */,
			);
			path = Layout;
			sourceTree = "<group>";
		};
		18D5A2AE1732357B00996EF7 /* Style */ = {
			isa = PBXGroup;
			children = (
				18D5A2AF1732357B00996EF7 /* DesignStyleModel.h */,
				18D5A2B01732357B00996EF7 /* DesignStyleModel.m */,
			);
			path = Style;
			sourceTree = "<group>";
		};
		18D5A2B11732357B00996EF7 /* View */ = {
			isa = PBXGroup;
			children = (
				18D5A2B21732357B00996EF7 /* DesignParentViewModel.h */,
				18D5A2B31732357B00996EF7 /* DesignParentViewModel.m */,
				18D5A2B41732357B00996EF7 /* DesignSpaceModel.h */,
				18D5A2B51732357B00996EF7 /* DesignSpaceModel.m */,
				18D5A2B61732357B00996EF7 /* DesignViewModel.h */,
				18D5A2B71732357B00996EF7 /* DesignViewModel.m */,
			);
			path = View;
			sourceTree = "<group>";
		};
		18D5A2B81732357B00996EF7 /* parseLayoutXML */ = {
			isa = PBXGroup;
			children = (
				18D5A2B91732357B00996EF7 /* DesignNodeConstants.h */,
				18D5A2BA1732357B00996EF7 /* DesignNodeConstants.m */,
				18D5A2BB1732357B00996EF7 /* DesignParseXMLManager.h */,
				18D5A2BC1732357B00996EF7 /* DesignParseXMLManager.m */,
			);
			path = parseLayoutXML;
			sourceTree = "<group>";
		};
		18D5A2BD1732357B00996EF7 /* views */ = {
			isa = PBXGroup;
			children = (
				18A963341733686200855D18 /* SourceListItem.h */,
				18A963351733686200855D18 /* SourceListItem.m */,
				18D5A3631732CFCA00996EF7 /* ExampleSubview.h */,
				18D5A3641732CFCA00996EF7 /* ExampleSubview.m */,
			);
			path = views;
			sourceTree = "<group>";
		};
		18D5A2BE1732357B00996EF7 /* config */ = {
			isa = PBXGroup;
			children = (
				18D5A2BF1732357B00996EF7 /* environments */,
				18D5A2C01732357B00996EF7 /* initializers */,
				18D5A2C11732357B00996EF7 /* locales */,
			);
			path = config;
			sourceTree = "<group>";
		};
		18D5A2BF1732357B00996EF7 /* environments */ = {
			isa = PBXGroup;
			children = (
			);
			path = environments;
			sourceTree = "<group>";
		};
		18D5A2C01732357B00996EF7 /* initializers */ = {
			isa = PBXGroup;
			children = (
			);
			path = initializers;
			sourceTree = "<group>";
		};
		18D5A2C11732357B00996EF7 /* locales */ = {
			isa = PBXGroup;
			children = (
				18D5A2DB1732399800996EF7 /* Credits.rtf */,
				18D5A2DC1732399800996EF7 /* InfoPlist.strings */,
			);
			path = locales;
			sourceTree = "<group>";
		};
		18D5A2C21732357B00996EF7 /* db */ = {
			isa = PBXGroup;
			children = (
				18D5A2C31732357B00996EF7 /* gospel_ios.db */,
			);
			path = db;
			sourceTree = "<group>";
		};
		18D5A2C41732357B00996EF7 /* doc */ = {
			isa = PBXGroup;
			children = (
			);
			path = doc;
			sourceTree = "<group>";
		};
		18D5A2C51732357B00996EF7 /* log */ = {
			isa = PBXGroup;
			children = (
			);
			path = log;
			sourceTree = "<group>";
		};
		18D5A2C61732357B00996EF7 /* script */ = {
			isa = PBXGroup;
			children = (
			);
			path = script;
			sourceTree = "<group>";
		};
		18D5A2C71732357B00996EF7 /* server */ = {
			isa = PBXGroup;
			children = (
			);
			path = server;
			sourceTree = "<group>";
		};
		18D5A2C81732357B00996EF7 /* test */ = {
			isa = PBXGroup;
			children = (
			);
			path = test;
			sourceTree = "<group>";
		};
		18D5A2C91732357B00996EF7 /* vendor */ = {
			isa = PBXGroup;
			children = (
			);
			path = vendor;
			sourceTree = "<group>";
		};
		18D5A2D51732366A00996EF7 /* nib */ = {
			isa = PBXGroup;
			children = (
				18D5A2E417323BB600996EF7 /* BeeViewController.xib */,
				18D5A2D61732398500996EF7 /* MainMenu.xib */,
			);
			path = nib;
			sourceTree = "<group>";
		};
		18D5A32F17326F0D00996EF7 /* icon */ = {
			isa = PBXGroup;
			children = (
				18A963371733698800855D18 /* outline */,
				18D5A33017326F1E00996EF7 /* tabBarItem1.png */,
				18D5A33117326F1E00996EF7 /* tabBarItem2.png */,
				18D5A33217326F1E00996EF7 /* tabBarItem3.png */,
			);
			path = icon;
			sourceTree = "<group>";
		};
/* End PBXGroup section */

/* Begin PBXNativeTarget section */
		18D5A25317320D8300996EF7 /* BeeLayoutDesign */ = {
			isa = PBXNativeTarget;
			buildConfigurationList = 18D5A27117320D8400996EF7 /* Build configuration list for PBXNativeTarget "BeeLayoutDesign" */;
			buildPhases = (
				C53CA924CAD54AD58D93ACD7 /* Check Pods Manifest.lock */,
				18D5A25017320D8300996EF7 /* Sources */,
				18D5A25117320D8300996EF7 /* Frameworks */,
				18D5A25217320D8300996EF7 /* Resources */,
				FF45863BB53A41D28B96D32C /* Copy Pods Resources */,
			);
			buildRules = (
			);
			dependencies = (
			);
			name = BeeLayoutDesign;
			productName = BeeLayoutDesign;
			productReference = 18D5A25417320D8300996EF7 /* BeeLayoutDesign.app */;
			productType = "com.apple.product-type.application";
		};
/* End PBXNativeTarget section */

/* Begin PBXProject section */
		18D5A24C17320D8300996EF7 /* Project object */ = {
			isa = PBXProject;
			attributes = {
				CLASSPREFIX = Bee;
				LastUpgradeCheck = 0460;
				ORGANIZATIONNAME = Bee;
			};
			buildConfigurationList = 18D5A24F17320D8300996EF7 /* Build configuration list for PBXProject "BeeLayoutDesign" */;
			compatibilityVersion = "Xcode 3.2";
			developmentRegion = English;
			hasScannedForEncodings = 0;
			knownRegions = (
				en,
			);
			mainGroup = 18D5A24B17320D8300996EF7;
			productRefGroup = 18D5A25517320D8300996EF7 /* Products */;
			projectDirPath = "";
			projectRoot = "";
			targets = (
				18D5A25317320D8300996EF7 /* BeeLayoutDesign */,
			);
		};
/* End PBXProject section */

/* Begin PBXResourcesBuildPhase section */
		18D5A25217320D8300996EF7 /* Resources */ = {
			isa = PBXResourcesBuildPhase;
			buildActionMask = 2147483647;
			files = (
				18D5A2D41732357B00996EF7 /* gospel_ios.db in Resources */,
				18D5A2D71732398500996EF7 /* MainMenu.xib in Resources */,
				18D5A2DD1732399800996EF7 /* Credits.rtf in Resources */,
				18D5A2DE1732399800996EF7 /* InfoPlist.strings in Resources */,
				18D5A2E517323BB600996EF7 /* BeeViewController.xib in Resources */,
				18D5A33317326F1E00996EF7 /* tabBarItem1.png in Resources */,
				18D5A33417326F1E00996EF7 /* tabBarItem2.png in Resources */,
				18D5A33517326F1E00996EF7 /* tabBarItem3.png in Resources */,
				18A9633E1733698800855D18 /* audiobooks.png in Resources */,
				18A9633F1733698800855D18 /* movies.png in Resources */,
				18A963401733698800855D18 /* music.png in Resources */,
				18A963411733698800855D18 /* playlist.png in Resources */,
				18A963421733698800855D18 /* playlistFolder.png in Resources */,
				18A963431733698800855D18 /* podcasts.png in Resources */,
			);
			runOnlyForDeploymentPostprocessing = 0;
		};
/* End PBXResourcesBuildPhase section */

/* Begin PBXShellScriptBuildPhase section */
		C53CA924CAD54AD58D93ACD7 /* Check Pods Manifest.lock */ = {
			isa = PBXShellScriptBuildPhase;
			buildActionMask = 2147483647;
			files = (
			);
			inputPaths = (
			);
			name = "Check Pods Manifest.lock";
			outputPaths = (
			);
			runOnlyForDeploymentPostprocessing = 0;
			shellPath = /bin/sh;
			shellScript = "diff \"${PODS_ROOT}/../Podfile.lock\" \"${PODS_ROOT}/Manifest.lock\" > /dev/null\nif [[ $? != 0 ]] ; then\n    cat << EOM\nerror: The sandbox is not in sync with the Podfile.lock. Run 'pod install' or update your CocoaPods installation.\nEOM\n    exit 1\nfi\n";
		};
		FF45863BB53A41D28B96D32C /* Copy Pods Resources */ = {
			isa = PBXShellScriptBuildPhase;
			buildActionMask = 2147483647;
			files = (
			);
			inputPaths = (
			);
			name = "Copy Pods Resources";
			outputPaths = (
			);
			runOnlyForDeploymentPostprocessing = 0;
			shellPath = /bin/sh;
			shellScript = "\"${SRCROOT}/Pods/Pods-resources.sh\"\n";
		};
/* End PBXShellScriptBuildPhase section */

/* Begin PBXSourcesBuildPhase section */
		18D5A25017320D8300996EF7 /* Sources */ = {
			isa = PBXSourcesBuildPhase;
			buildActionMask = 2147483647;
			files = (
				18D5A26417320D8300996EF7 /* main.m in Sources */,
				18D5A2CA1732357B00996EF7 /* DesignContainerModel.m in Sources */,
				18D5A2CB1732357B00996EF7 /* DesignLayoutModel.m in Sources */,
				18D5A2CC1732357B00996EF7 /* DesignParentContainerModel.m in Sources */,
				18D5A2CD1732357B00996EF7 /* DesignUIModel.m in Sources */,
				18D5A2CE1732357B00996EF7 /* DesignStyleModel.m in Sources */,
				18D5A2CF1732357B00996EF7 /* DesignParentViewModel.m in Sources */,
				18D5A2D01732357B00996EF7 /* DesignSpaceModel.m in Sources */,
				18D5A2D11732357B00996EF7 /* DesignViewModel.m in Sources */,
				18D5A2D21732357B00996EF7 /* DesignNodeConstants.m in Sources */,
				18D5A2D31732357B00996EF7 /* DesignParseXMLManager.m in Sources */,
				18D5A2DA1732398D00996EF7 /* BeeAppDelegate.m in Sources */,
				18D5A2E217323B0E00996EF7 /* BeeViewController.m in Sources */,
				18D5A3651732CFCA00996EF7 /* ExampleSubview.m in Sources */,
				18A963361733686200855D18 /* SourceListItem.m in Sources */,
			);
			runOnlyForDeploymentPostprocessing = 0;
		};
/* End PBXSourcesBuildPhase section */

/* Begin XCBuildConfiguration section */
		18D5A26F17320D8400996EF7 /* Debug */ = {
			isa = XCBuildConfiguration;
			buildSettings = {
				ALWAYS_SEARCH_USER_PATHS = NO;
				ARCHS = "$(ARCHS_STANDARD_64_BIT)";
				CLANG_CXX_LANGUAGE_STANDARD = "gnu++0x";
				CLANG_CXX_LIBRARY = "libc++";
				CLANG_WARN_CONSTANT_CONVERSION = YES;
				CLANG_WARN_EMPTY_BODY = YES;
				CLANG_WARN_ENUM_CONVERSION = YES;
				CLANG_WARN_INT_CONVERSION = YES;
				CLANG_WARN__DUPLICATE_METHOD_MATCH = YES;
				COPY_PHASE_STRIP = NO;
				GCC_C_LANGUAGE_STANDARD = gnu99;
				GCC_DYNAMIC_NO_PIC = NO;
				GCC_ENABLE_OBJC_EXCEPTIONS = YES;
				GCC_OPTIMIZATION_LEVEL = 0;
				GCC_PREPROCESSOR_DEFINITIONS = (
					"DEBUG=1",
					"$(inherited)",
				);
				GCC_SYMBOLS_PRIVATE_EXTERN = NO;
				GCC_WARN_64_TO_32_BIT_CONVERSION = YES;
				GCC_WARN_ABOUT_RETURN_TYPE = YES;
				GCC_WARN_UNINITIALIZED_AUTOS = YES;
				GCC_WARN_UNUSED_VARIABLE = YES;
				MACOSX_DEPLOYMENT_TARGET = 10.8;
				ONLY_ACTIVE_ARCH = YES;
				SDKROOT = macosx;
			};
			name = Debug;
		};
		18D5A27017320D8400996EF7 /* Release */ = {
			isa = XCBuildConfiguration;
			buildSettings = {
				ALWAYS_SEARCH_USER_PATHS = NO;
				ARCHS = "$(ARCHS_STANDARD_64_BIT)";
				CLANG_CXX_LANGUAGE_STANDARD = "gnu++0x";
				CLANG_CXX_LIBRARY = "libc++";
				CLANG_WARN_CONSTANT_CONVERSION = YES;
				CLANG_WARN_EMPTY_BODY = YES;
				CLANG_WARN_ENUM_CONVERSION = YES;
				CLANG_WARN_INT_CONVERSION = YES;
				CLANG_WARN__DUPLICATE_METHOD_MATCH = YES;
				COPY_PHASE_STRIP = YES;
				DEBUG_INFORMATION_FORMAT = "dwarf-with-dsym";
				GCC_C_LANGUAGE_STANDARD = gnu99;
				GCC_ENABLE_OBJC_EXCEPTIONS = YES;
				GCC_WARN_64_TO_32_BIT_CONVERSION = YES;
				GCC_WARN_ABOUT_RETURN_TYPE = YES;
				GCC_WARN_UNINITIALIZED_AUTOS = YES;
				GCC_WARN_UNUSED_VARIABLE = YES;
				MACOSX_DEPLOYMENT_TARGET = 10.8;
				SDKROOT = macosx;
			};
			name = Release;
		};
		18D5A27217320D8400996EF7 /* Debug */ = {
			isa = XCBuildConfiguration;
			baseConfigurationReference = EAA931C2839B4884BF191A7A /* Pods.xcconfig */;
			buildSettings = {
				COMBINE_HIDPI_IMAGES = YES;
				GCC_PRECOMPILE_PREFIX_HEADER = YES;
				GCC_PREFIX_HEADER = "BeeLayoutDesign/BeeLayoutDesign-Prefix.pch";
				HEADER_SEARCH_PATHS = "$(inherited)";
				INFOPLIST_FILE = "BeeLayoutDesign/BeeLayoutDesign-Info.plist";
				PRODUCT_NAME = "$(TARGET_NAME)";
				WRAPPER_EXTENSION = app;
			};
			name = Debug;
		};
		18D5A27317320D8400996EF7 /* Release */ = {
			isa = XCBuildConfiguration;
			baseConfigurationReference = EAA931C2839B4884BF191A7A /* Pods.xcconfig */;
			buildSettings = {
				COMBINE_HIDPI_IMAGES = YES;
				GCC_PRECOMPILE_PREFIX_HEADER = YES;
				GCC_PREFIX_HEADER = "BeeLayoutDesign/BeeLayoutDesign-Prefix.pch";
				HEADER_SEARCH_PATHS = "$(inherited)";
				INFOPLIST_FILE = "BeeLayoutDesign/BeeLayoutDesign-Info.plist";
				PRODUCT_NAME = "$(TARGET_NAME)";
				WRAPPER_EXTENSION = app;
			};
			name = Release;
		};
/* End XCBuildConfiguration section */

/* Begin XCConfigurationList section */
		18D5A24F17320D8300996EF7 /* Build configuration list for PBXProject "BeeLayoutDesign" */ = {
			isa = XCConfigurationList;
			buildConfigurations = (
				18D5A26F17320D8400996EF7 /* Debug */,
				18D5A27017320D8400996EF7 /* Release */,
			);
			defaultConfigurationIsVisible = 0;
			defaultConfigurationName = Release;
		};
		18D5A27117320D8400996EF7 /* Build configuration list for PBXNativeTarget "BeeLayoutDesign" */ = {
			isa = XCConfigurationList;
			buildConfigurations = (
				18D5A27217320D8400996EF7 /* Debug */,
				18D5A27317320D8400996EF7 /* Release */,
			);
			defaultConfigurationIsVisible = 0;
			defaultConfigurationName = Release;
		};
/* End XCConfigurationList section */
	};
	rootObject = 18D5A24C17320D8300996EF7 /* Project object */;
}
